
Microsoft Visual Studio Solution File, Format Version 12.00
# Visual Studio 15
Project("{FAE04EC0-301F-11D3-BF4B-00C04F79EFBC}") = "Server.Net", "Server.Net.csproj", "{AB0E1B6E-C21D-4CDD-94A0-1D187435CDC2}"
EndProject
Global
	GlobalSection(SolutionConfigurationPlatforms) = preSolution
		Debug|Any CPU = Debug|Any CPU
		Release|Any CPU = Release|Any CPU
	EndGlobalSection
	GlobalSection(ProjectConfigurationPlatforms) = postSolution
		{AB0E1B6E-C21D-4CDD-94A0-1D187435CDC2}.Debug|Any CPU.ActiveCfg = Debug|Any CPU
		{AB0E1B6E-C21D-4CDD-94A0-1D187435CDC2}.Debug|Any CPU.Build.0 = Debug|Any CPU
		{AB0E1B6E-C21D-4CDD-94A0-1D187435CDC2}.Release|Any CPU.ActiveCfg = Release|Any CPU
		{AB0E1B6E-C21D-4CDD-94A0-1D187435CDC2}.Release|Any CPU.Build.0 = Release|Any CPU
	EndGlobalSection
EndGlobal
